// !$*UTF8*$!
{
	archiveVersion = 1;
	classes = {
	};
	objectVersion = 51;
	objects = {

/* Begin PBXBuildFile section */
		66BC89F9CA3F40C380799FE5 /* Pods_ToDoListTests.framework in Frameworks */ = {isa = PBXBuildFile; fileRef = 6A9E7B55E4FC45782865F3C6 /* Pods_ToDoListTests.framework */; };
		691934D225FA45FC00339E08 /* AppDelegate.swift in Sources */ = {isa = PBXBuildFile; fileRef = 691934D125FA45FC00339E08 /* AppDelegate.swift */; };
		691934D425FA45FC00339E08 /* SceneDelegate.swift in Sources */ = {isa = PBXBuildFile; fileRef = 691934D325FA45FC00339E08 /* SceneDelegate.swift */; };
		691934D625FA45FC00339E08 /* ViewController.swift in Sources */ = {isa = PBXBuildFile; fileRef = 691934D525FA45FC00339E08 /* ViewController.swift */; };
		691934DB25FA45FE00339E08 /* Assets.xcassets in Resources */ = {isa = PBXBuildFile; fileRef = 691934DA25FA45FE00339E08 /* Assets.xcassets */; };
		691934DE25FA45FE00339E08 /* LaunchScreen.storyboard in Resources */ = {isa = PBXBuildFile; fileRef = 691934DC25FA45FE00339E08 /* LaunchScreen.storyboard */; };
		691934E925FA45FE00339E08 /* ToDoListTests.swift in Sources */ = {isa = PBXBuildFile; fileRef = 691934E825FA45FE00339E08 /* ToDoListTests.swift */; };
		691934F425FA45FE00339E08 /* ToDoListUITests.swift in Sources */ = {isa = PBXBuildFile; fileRef = 691934F325FA45FE00339E08 /* ToDoListUITests.swift */; };
		6919351D25FA484000339E08 /* Constants.swift in Sources */ = {isa = PBXBuildFile; fileRef = 6919351C25FA484000339E08 /* Constants.swift */; };
		6919353A25FA4F3700339E08 /* LoadingViewController.swift in Sources */ = {isa = PBXBuildFile; fileRef = 6919353825FA4F3700339E08 /* LoadingViewController.swift */; };
		6919353B25FA4F3700339E08 /* LoadingViewController.xib in Resources */ = {isa = PBXBuildFile; fileRef = 6919353925FA4F3700339E08 /* LoadingViewController.xib */; };
		6919354525FA4FA400339E08 /* HomeViewController.swift in Sources */ = {isa = PBXBuildFile; fileRef = 6919354325FA4FA400339E08 /* HomeViewController.swift */; };
		6919354625FA4FA400339E08 /* HomeViewController.xib in Resources */ = {isa = PBXBuildFile; fileRef = 6919354425FA4FA400339E08 /* HomeViewController.xib */; };
		6919354F25FA50AA00339E08 /* todolist.xcdatamodeld in Sources */ = {isa = PBXBuildFile; fileRef = 6919354D25FA50AA00339E08 /* todolist.xcdatamodeld */; };
		6919356B25FA5AF200339E08 /* TaskTableViewCell.swift in Sources */ = {isa = PBXBuildFile; fileRef = 6919356925FA5AF200339E08 /* TaskTableViewCell.swift */; };
		6919356C25FA5AF200339E08 /* TaskTableViewCell.xib in Resources */ = {isa = PBXBuildFile; fileRef = 6919356A25FA5AF200339E08 /* TaskTableViewCell.xib */; };
		6919357625FA6C7500339E08 /* AddTaskBottomSheetViewController.swift in Sources */ = {isa = PBXBuildFile; fileRef = 6919357425FA6C7500339E08 /* AddTaskBottomSheetViewController.swift */; };
		6919357725FA6C7500339E08 /* AddTaskBottomSheetViewController.xib in Resources */ = {isa = PBXBuildFile; fileRef = 6919357525FA6C7500339E08 /* AddTaskBottomSheetViewController.xib */; };
		6919357F25FA71C300339E08 /* CoreDataService.swift in Sources */ = {isa = PBXBuildFile; fileRef = 6919357E25FA71C300339E08 /* CoreDataService.swift */; };
		6919358425FA727C00339E08 /* HomeViewModel.swift in Sources */ = {isa = PBXBuildFile; fileRef = 6919358325FA727C00339E08 /* HomeViewModel.swift */; };
		6919358925FA72A000339E08 /* BaseViewModel.swift in Sources */ = {isa = PBXBuildFile; fileRef = 6919358825FA72A000339E08 /* BaseViewModel.swift */; };
		6919359725FA72F300339E08 /* TaskModel.swift in Sources */ = {isa = PBXBuildFile; fileRef = 6919359625FA72F300339E08 /* TaskModel.swift */; };
		6919359F25FB5BFD00339E08 /* HomeRepository.swift in Sources */ = {isa = PBXBuildFile; fileRef = 6919359E25FB5BFD00339E08 /* HomeRepository.swift */; };
		691935A525FB72CC00339E08 /* Dialog.swift in Sources */ = {isa = PBXBuildFile; fileRef = 691935A425FB72CC00339E08 /* Dialog.swift */; };
		691935AD25FB736200339E08 /* AddTaskBSViewModel.swift in Sources */ = {isa = PBXBuildFile; fileRef = 691935AC25FB736200339E08 /* AddTaskBSViewModel.swift */; };
		691935B225FB73B000339E08 /* AddTaskBSRepository.swift in Sources */ = {isa = PBXBuildFile; fileRef = 691935B125FB73B000339E08 /* AddTaskBSRepository.swift */; };
		CF29AA3B8842B8C8D651FF99 /* Pods_ToDoList_ToDoListUITests.framework in Frameworks */ = {isa = PBXBuildFile; fileRef = 4BC220AEAFFBB70824AD8C0B /* Pods_ToDoList_ToDoListUITests.framework */; };
		D91F6BE02C88E13AD033B021 /* Pods_ToDoList.framework in Frameworks */ = {isa = PBXBuildFile; fileRef = A7FB0C69023D358077F1D344 /* Pods_ToDoList.framework */; };
/* End PBXBuildFile section */

/* Begin PBXContainerItemProxy section */
		691934E525FA45FE00339E08 /* PBXContainerItemProxy */ = {
			isa = PBXContainerItemProxy;
			containerPortal = 691934C625FA45FC00339E08 /* Project object */;
			proxyType = 1;
			remoteGlobalIDString = 691934CD25FA45FC00339E08;
			remoteInfo = ToDoList;
		};
		691934F025FA45FE00339E08 /* PBXContainerItemProxy */ = {
			isa = PBXContainerItemProxy;
			containerPortal = 691934C625FA45FC00339E08 /* Project object */;
			proxyType = 1;
			remoteGlobalIDString = 691934CD25FA45FC00339E08;
			remoteInfo = ToDoList;
		};
/* End PBXContainerItemProxy section */

/* Begin PBXFileReference section */
		025CBFBC46600D13CD5CFE8B /* Pods-ToDoList-ToDoListUITests.release.xcconfig */ = {isa = PBXFileReference; includeInIndex = 1; lastKnownFileType = text.xcconfig; name = "Pods-ToDoList-ToDoListUITests.release.xcconfig"; path = "Target Support Files/Pods-ToDoList-ToDoListUITests/Pods-ToDoList-ToDoListUITests.release.xcconfig"; sourceTree = "<group>"; };
		4BC220AEAFFBB70824AD8C0B /* Pods_ToDoList_ToDoListUITests.framework */ = {isa = PBXFileReference; explicitFileType = wrapper.framework; includeInIndex = 0; path = Pods_ToDoList_ToDoListUITests.framework; sourceTree = BUILT_PRODUCTS_DIR; };
		691934CE25FA45FC00339E08 /* ToDoList.app */ = {isa = PBXFileReference; explicitFileType = wrapper.application; includeInIndex = 0; path = ToDoList.app; sourceTree = BUILT_PRODUCTS_DIR; };
		691934D125FA45FC00339E08 /* AppDelegate.swift */ = {isa = PBXFileReference; lastKnownFileType = sourcecode.swift; path = AppDelegate.swift; sourceTree = "<group>"; };
		691934D325FA45FC00339E08 /* SceneDelegate.swift */ = {isa = PBXFileReference; lastKnownFileType = sourcecode.swift; path = SceneDelegate.swift; sourceTree = "<group>"; };
		691934D525FA45FC00339E08 /* ViewController.swift */ = {isa = PBXFileReference; lastKnownFileType = sourcecode.swift; path = ViewController.swift; sourceTree = "<group>"; };
		691934DA25FA45FE00339E08 /* Assets.xcassets */ = {isa = PBXFileReference; lastKnownFileType = folder.assetcatalog; path = Assets.xcassets; sourceTree = "<group>"; };
		691934DD25FA45FE00339E08 /* Base */ = {isa = PBXFileReference; lastKnownFileType = file.storyboard; name = Base; path = Base.lproj/LaunchScreen.storyboard; sourceTree = "<group>"; };
		691934DF25FA45FE00339E08 /* Info.plist */ = {isa = PBXFileReference; lastKnownFileType = text.plist.xml; path = Info.plist; sourceTree = "<group>"; };
		691934E425FA45FE00339E08 /* ToDoListTests.xctest */ = {isa = PBXFileReference; explicitFileType = wrapper.cfbundle; includeInIndex = 0; path = ToDoListTests.xctest; sourceTree = BUILT_PRODUCTS_DIR; };
		691934E825FA45FE00339E08 /* ToDoListTests.swift */ = {isa = PBXFileReference; lastKnownFileType = sourcecode.swift; path = ToDoListTests.swift; sourceTree = "<group>"; };
		691934EA25FA45FE00339E08 /* Info.plist */ = {isa = PBXFileReference; lastKnownFileType = text.plist.xml; path = Info.plist; sourceTree = "<group>"; };
		691934EF25FA45FE00339E08 /* ToDoListUITests.xctest */ = {isa = PBXFileReference; explicitFileType = wrapper.cfbundle; includeInIndex = 0; path = ToDoListUITests.xctest; sourceTree = BUILT_PRODUCTS_DIR; };
		691934F325FA45FE00339E08 /* ToDoListUITests.swift */ = {isa = PBXFileReference; lastKnownFileType = sourcecode.swift; path = ToDoListUITests.swift; sourceTree = "<group>"; };
		691934F525FA45FE00339E08 /* Info.plist */ = {isa = PBXFileReference; lastKnownFileType = text.plist.xml; path = Info.plist; sourceTree = "<group>"; };
		6919351C25FA484000339E08 /* Constants.swift */ = {isa = PBXFileReference; lastKnownFileType = sourcecode.swift; path = Constants.swift; sourceTree = "<group>"; };
		6919353825FA4F3700339E08 /* LoadingViewController.swift */ = {isa = PBXFileReference; lastKnownFileType = sourcecode.swift; path = LoadingViewController.swift; sourceTree = "<group>"; };
		6919353925FA4F3700339E08 /* LoadingViewController.xib */ = {isa = PBXFileReference; lastKnownFileType = file.xib; path = LoadingViewController.xib; sourceTree = "<group>"; };
		6919354325FA4FA400339E08 /* HomeViewController.swift */ = {isa = PBXFileReference; lastKnownFileType = sourcecode.swift; path = HomeViewController.swift; sourceTree = "<group>"; };
		6919354425FA4FA400339E08 /* HomeViewController.xib */ = {isa = PBXFileReference; lastKnownFileType = file.xib; path = HomeViewController.xib; sourceTree = "<group>"; };
		6919354E25FA50AA00339E08 /* todolist.xcdatamodel */ = {isa = PBXFileReference; lastKnownFileType = wrapper.xcdatamodel; path = todolist.xcdatamodel; sourceTree = "<group>"; };
		6919356925FA5AF200339E08 /* TaskTableViewCell.swift */ = {isa = PBXFileReference; lastKnownFileType = sourcecode.swift; path = TaskTableViewCell.swift; sourceTree = "<group>"; };
		6919356A25FA5AF200339E08 /* TaskTableViewCell.xib */ = {isa = PBXFileReference; lastKnownFileType = file.xib; path = TaskTableViewCell.xib; sourceTree = "<group>"; };
		6919357425FA6C7500339E08 /* AddTaskBottomSheetViewController.swift */ = {isa = PBXFileReference; lastKnownFileType = sourcecode.swift; path = AddTaskBottomSheetViewController.swift; sourceTree = "<group>"; };
		6919357525FA6C7500339E08 /* AddTaskBottomSheetViewController.xib */ = {isa = PBXFileReference; lastKnownFileType = file.xib; path = AddTaskBottomSheetViewController.xib; sourceTree = "<group>"; };
		6919357E25FA71C300339E08 /* CoreDataService.swift */ = {isa = PBXFileReference; lastKnownFileType = sourcecode.swift; path = CoreDataService.swift; sourceTree = "<group>"; };
		6919358325FA727C00339E08 /* HomeViewModel.swift */ = {isa = PBXFileReference; lastKnownFileType = sourcecode.swift; path = HomeViewModel.swift; sourceTree = "<group>"; };
		6919358825FA72A000339E08 /* BaseViewModel.swift */ = {isa = PBXFileReference; lastKnownFileType = sourcecode.swift; path = BaseViewModel.swift; sourceTree = "<group>"; };
		6919359625FA72F300339E08 /* TaskModel.swift */ = {isa = PBXFileReference; lastKnownFileType = sourcecode.swift; path = TaskModel.swift; sourceTree = "<group>"; };
		6919359E25FB5BFD00339E08 /* HomeRepository.swift */ = {isa = PBXFileReference; lastKnownFileType = sourcecode.swift; path = HomeRepository.swift; sourceTree = "<group>"; };
		691935A425FB72CC00339E08 /* Dialog.swift */ = {isa = PBXFileReference; lastKnownFileType = sourcecode.swift; path = Dialog.swift; sourceTree = "<group>"; };
		691935AC25FB736200339E08 /* AddTaskBSViewModel.swift */ = {isa = PBXFileReference; lastKnownFileType = sourcecode.swift; path = AddTaskBSViewModel.swift; sourceTree = "<group>"; };
		691935B125FB73B000339E08 /* AddTaskBSRepository.swift */ = {isa = PBXFileReference; lastKnownFileType = sourcecode.swift; path = AddTaskBSRepository.swift; sourceTree = "<group>"; };
		6A9E7B55E4FC45782865F3C6 /* Pods_ToDoListTests.framework */ = {isa = PBXFileReference; explicitFileType = wrapper.framework; includeInIndex = 0; path = Pods_ToDoListTests.framework; sourceTree = BUILT_PRODUCTS_DIR; };
		7614D32FCEA8CBDE3C222762 /* Pods-ToDoListTests.debug.xcconfig */ = {isa = PBXFileReference; includeInIndex = 1; lastKnownFileType = text.xcconfig; name = "Pods-ToDoListTests.debug.xcconfig"; path = "Target Support Files/Pods-ToDoListTests/Pods-ToDoListTests.debug.xcconfig"; sourceTree = "<group>"; };
		A77FB4E764237DF277E6EE9A /* Pods-ToDoList.release.xcconfig */ = {isa = PBXFileReference; includeInIndex = 1; lastKnownFileType = text.xcconfig; name = "Pods-ToDoList.release.xcconfig"; path = "Target Support Files/Pods-ToDoList/Pods-ToDoList.release.xcconfig"; sourceTree = "<group>"; };
		A7FB0C69023D358077F1D344 /* Pods_ToDoList.framework */ = {isa = PBXFileReference; explicitFileType = wrapper.framework; includeInIndex = 0; path = Pods_ToDoList.framework; sourceTree = BUILT_PRODUCTS_DIR; };
		B322667171E9DC2D8D7424FC /* Pods-ToDoListTests.release.xcconfig */ = {isa = PBXFileReference; includeInIndex = 1; lastKnownFileType = text.xcconfig; name = "Pods-ToDoListTests.release.xcconfig"; path = "Target Support Files/Pods-ToDoListTests/Pods-ToDoListTests.release.xcconfig"; sourceTree = "<group>"; };
		B5ABC988C92BEBE116F908F6 /* Pods-ToDoList.debug.xcconfig */ = {isa = PBXFileReference; includeInIndex = 1; lastKnownFileType = text.xcconfig; name = "Pods-ToDoList.debug.xcconfig"; path = "Target Support Files/Pods-ToDoList/Pods-ToDoList.debug.xcconfig"; sourceTree = "<group>"; };
		EFE71855F5478A107AC9E914 /* Pods-ToDoList-ToDoListUITests.debug.xcconfig */ = {isa = PBXFileReference; includeInIndex = 1; lastKnownFileType = text.xcconfig; name = "Pods-ToDoList-ToDoListUITests.debug.xcconfig"; path = "Target Support Files/Pods-ToDoList-ToDoListUITests/Pods-ToDoList-ToDoListUITests.debug.xcconfig"; sourceTree = "<group>"; };
/* End PBXFileReference section */

/* Begin PBXFrameworksBuildPhase section */
		691934CB25FA45FC00339E08 /* Frameworks */ = {
			isa = PBXFrameworksBuildPhase;
			buildActionMask = 2147483647;
			files = (
				D91F6BE02C88E13AD033B021 /* Pods_ToDoList.framework in Frameworks */,
			);
			runOnlyForDeploymentPostprocessing = 0;
		};
		691934E125FA45FE00339E08 /* Frameworks */ = {
			isa = PBXFrameworksBuildPhase;
			buildActionMask = 2147483647;
			files = (
				66BC89F9CA3F40C380799FE5 /* Pods_ToDoListTests.framework in Frameworks */,
			);
			runOnlyForDeploymentPostprocessing = 0;
		};
		691934EC25FA45FE00339E08 /* Frameworks */ = {
			isa = PBXFrameworksBuildPhase;
			buildActionMask = 2147483647;
			files = (
				CF29AA3B8842B8C8D651FF99 /* Pods_ToDoList_ToDoListUITests.framework in Frameworks */,
			);
			runOnlyForDeploymentPostprocessing = 0;
		};
/* End PBXFrameworksBuildPhase section */

/* Begin PBXGroup section */
		0297F6837B057503D453640D /* Frameworks */ = {
			isa = PBXGroup;
			children = (
				A7FB0C69023D358077F1D344 /* Pods_ToDoList.framework */,
				4BC220AEAFFBB70824AD8C0B /* Pods_ToDoList_ToDoListUITests.framework */,
				6A9E7B55E4FC45782865F3C6 /* Pods_ToDoListTests.framework */,
			);
			name = Frameworks;
			sourceTree = "<group>";
		};
		422058774A18B9CF82B60926 /* Pods */ = {
			isa = PBXGroup;
			children = (
				B5ABC988C92BEBE116F908F6 /* Pods-ToDoList.debug.xcconfig */,
				A77FB4E764237DF277E6EE9A /* Pods-ToDoList.release.xcconfig */,
				EFE71855F5478A107AC9E914 /* Pods-ToDoList-ToDoListUITests.debug.xcconfig */,
				025CBFBC46600D13CD5CFE8B /* Pods-ToDoList-ToDoListUITests.release.xcconfig */,
				7614D32FCEA8CBDE3C222762 /* Pods-ToDoListTests.debug.xcconfig */,
				B322667171E9DC2D8D7424FC /* Pods-ToDoListTests.release.xcconfig */,
			);
			path = Pods;
			sourceTree = "<group>";
		};
		691934C525FA45FC00339E08 = {
			isa = PBXGroup;
			children = (
				691934D025FA45FC00339E08 /* ToDoList */,
				691934E725FA45FE00339E08 /* ToDoListTests */,
				691934F225FA45FE00339E08 /* ToDoListUITests */,
				691934CF25FA45FC00339E08 /* Products */,
				422058774A18B9CF82B60926 /* Pods */,
				0297F6837B057503D453640D /* Frameworks */,
			);
			sourceTree = "<group>";
		};
		691934CF25FA45FC00339E08 /* Products */ = {
			isa = PBXGroup;
			children = (
				691934CE25FA45FC00339E08 /* ToDoList.app */,
				691934E425FA45FE00339E08 /* ToDoListTests.xctest */,
				691934EF25FA45FE00339E08 /* ToDoListUITests.xctest */,
			);
			name = Products;
			sourceTree = "<group>";
		};
		691934D025FA45FC00339E08 /* ToDoList */ = {
			isa = PBXGroup;
			children = (
				6919359525FA72EA00339E08 /* Models */,
				6919355325FA5A7B00339E08 /* Shared */,
				6919352425FA4DBE00339E08 /* Application */,
				6919351B25FA483300339E08 /* Utils */,
				6919350725FA471B00339E08 /* Core */,
				691934D125FA45FC00339E08 /* AppDelegate.swift */,
				691934D325FA45FC00339E08 /* SceneDelegate.swift */,
				691934D525FA45FC00339E08 /* ViewController.swift */,
				691934DA25FA45FE00339E08 /* Assets.xcassets */,
				691934DC25FA45FE00339E08 /* LaunchScreen.storyboard */,
				691934DF25FA45FE00339E08 /* Info.plist */,
				6919354D25FA50AA00339E08 /* todolist.xcdatamodeld */,
			);
			path = ToDoList;
			sourceTree = "<group>";
		};
		691934E725FA45FE00339E08 /* ToDoListTests */ = {
			isa = PBXGroup;
			children = (
				691934E825FA45FE00339E08 /* ToDoListTests.swift */,
				691934EA25FA45FE00339E08 /* Info.plist */,
			);
			path = ToDoListTests;
			sourceTree = "<group>";
		};
		691934F225FA45FE00339E08 /* ToDoListUITests */ = {
			isa = PBXGroup;
			children = (
				691934F325FA45FE00339E08 /* ToDoListUITests.swift */,
				691934F525FA45FE00339E08 /* Info.plist */,
			);
			path = ToDoListUITests;
			sourceTree = "<group>";
		};
		6919350725FA471B00339E08 /* Core */ = {
			isa = PBXGroup;
			children = (
				6919350825FA472900339E08 /* Services */,
				6919358825FA72A000339E08 /* BaseViewModel.swift */,
			);
			path = Core;
			sourceTree = "<group>";
		};
		6919350825FA472900339E08 /* Services */ = {
			isa = PBXGroup;
			children = (
				6919357E25FA71C300339E08 /* CoreDataService.swift */,
			);
			path = Services;
			sourceTree = "<group>";
		};
		6919351B25FA483300339E08 /* Utils */ = {
			isa = PBXGroup;
			children = (
				6919351C25FA484000339E08 /* Constants.swift */,
			);
			path = Utils;
			sourceTree = "<group>";
		};
		6919352425FA4DBE00339E08 /* Application */ = {
			isa = PBXGroup;
			children = (
				6919354225FA4F9500339E08 /* Home */,
				6919353725FA4F2200339E08 /* Loading */,
			);
			path = Application;
			sourceTree = "<group>";
		};
		6919353725FA4F2200339E08 /* Loading */ = {
			isa = PBXGroup;
			children = (
				6919353825FA4F3700339E08 /* LoadingViewController.swift */,
				6919353925FA4F3700339E08 /* LoadingViewController.xib */,
			);
			path = Loading;
			sourceTree = "<group>";
		};
		6919354225FA4F9500339E08 /* Home */ = {
			isa = PBXGroup;
			children = (
				6919355D25FA5ABA00339E08 /* Components */,
				6919354325FA4FA400339E08 /* HomeViewController.swift */,
				6919354425FA4FA400339E08 /* HomeViewController.xib */,
				6919358325FA727C00339E08 /* HomeViewModel.swift */,
				6919359E25FB5BFD00339E08 /* HomeRepository.swift */,
			);
			path = Home;
			sourceTree = "<group>";
		};
		6919355325FA5A7B00339E08 /* Shared */ = {
			isa = PBXGroup;
			children = (
				6919355425FA5A8100339E08 /* Components */,
			);
			path = Shared;
			sourceTree = "<group>";
		};
		6919355425FA5A8100339E08 /* Components */ = {
			isa = PBXGroup;
			children = (
				6919357325FA6C5F00339E08 /* Modals */,
			);
			path = Components;
			sourceTree = "<group>";
		};
		6919355D25FA5ABA00339E08 /* Components */ = {
			isa = PBXGroup;
			children = (
				6919356925FA5AF200339E08 /* TaskTableViewCell.swift */,
				6919356A25FA5AF200339E08 /* TaskTableViewCell.xib */,
			);
			path = Components;
			sourceTree = "<group>";
		};
		6919357325FA6C5F00339E08 /* Modals */ = {
			isa = PBXGroup;
			children = (
				691935A325FB72B600339E08 /* AddTaskBottomSheet */,
				691935A425FB72CC00339E08 /* Dialog.swift */,
			);
			path = Modals;
			sourceTree = "<group>";
		};
		6919359525FA72EA00339E08 /* Models */ = {
			isa = PBXGroup;
			children = (
				6919359625FA72F300339E08 /* TaskModel.swift */,
			);
			path = Models;
			sourceTree = "<group>";
		};
		691935A325FB72B600339E08 /* AddTaskBottomSheet */ = {
			isa = PBXGroup;
			children = (
				6919357425FA6C7500339E08 /* AddTaskBottomSheetViewController.swift */,
				6919357525FA6C7500339E08 /* AddTaskBottomSheetViewController.xib */,
				691935AC25FB736200339E08 /* AddTaskBSViewModel.swift */,
				691935B125FB73B000339E08 /* AddTaskBSRepository.swift */,
			);
			path = AddTaskBottomSheet;
			sourceTree = "<group>";
		};
/* End PBXGroup section */

/* Begin PBXNativeTarget section */
		691934CD25FA45FC00339E08 /* ToDoList */ = {
			isa = PBXNativeTarget;
			buildConfigurationList = 691934F825FA45FE00339E08 /* Build configuration list for PBXNativeTarget "ToDoList" */;
			buildPhases = (
				7DF79DA560FAB182CE918E3E /* [CP] Check Pods Manifest.lock */,
				691934CA25FA45FC00339E08 /* Sources */,
				691934CB25FA45FC00339E08 /* Frameworks */,
				691934CC25FA45FC00339E08 /* Resources */,
				7A670D50D87A035B5B90160D /* [CP] Embed Pods Frameworks */,
			);
			buildRules = (
			);
			dependencies = (
			);
			name = ToDoList;
			productName = ToDoList;
			productReference = 691934CE25FA45FC00339E08 /* ToDoList.app */;
			productType = "com.apple.product-type.application";
		};
		691934E325FA45FE00339E08 /* ToDoListTests */ = {
			isa = PBXNativeTarget;
			buildConfigurationList = 691934FB25FA45FE00339E08 /* Build configuration list for PBXNativeTarget "ToDoListTests" */;
			buildPhases = (
				78E6D29B48BE01BBC1A28632 /* [CP] Check Pods Manifest.lock */,
				691934E025FA45FE00339E08 /* Sources */,
				691934E125FA45FE00339E08 /* Frameworks */,
				691934E225FA45FE00339E08 /* Resources */,
			);
			buildRules = (
			);
			dependencies = (
				691934E625FA45FE00339E08 /* PBXTargetDependency */,
			);
			name = ToDoListTests;
			productName = ToDoListTests;
			productReference = 691934E425FA45FE00339E08 /* ToDoListTests.xctest */;
			productType = "com.apple.product-type.bundle.unit-test";
		};
		691934EE25FA45FE00339E08 /* ToDoListUITests */ = {
			isa = PBXNativeTarget;
			buildConfigurationList = 691934FE25FA45FE00339E08 /* Build configuration list for PBXNativeTarget "ToDoListUITests" */;
			buildPhases = (
				3DEDBF6D40A93233399ED74B /* [CP] Check Pods Manifest.lock */,
				691934EB25FA45FE00339E08 /* Sources */,
				691934EC25FA45FE00339E08 /* Frameworks */,
				691934ED25FA45FE00339E08 /* Resources */,
				5230BE625BE002BB3F26706A /* [CP] Embed Pods Frameworks */,
			);
			buildRules = (
			);
			dependencies = (
				691934F125FA45FE00339E08 /* PBXTargetDependency */,
			);
			name = ToDoListUITests;
			productName = ToDoListUITests;
			productReference = 691934EF25FA45FE00339E08 /* ToDoListUITests.xctest */;
			productType = "com.apple.product-type.bundle.ui-testing";
		};
/* End PBXNativeTarget section */

/* Begin PBXProject section */
		691934C625FA45FC00339E08 /* Project object */ = {
			isa = PBXProject;
			attributes = {
				LastSwiftUpdateCheck = 1240;
				LastUpgradeCheck = 1240;
				TargetAttributes = {
					691934CD25FA45FC00339E08 = {
						CreatedOnToolsVersion = 12.4;
					};
					691934E325FA45FE00339E08 = {
						CreatedOnToolsVersion = 12.4;
						TestTargetID = 691934CD25FA45FC00339E08;
					};
					691934EE25FA45FE00339E08 = {
						CreatedOnToolsVersion = 12.4;
						TestTargetID = 691934CD25FA45FC00339E08;
					};
				};
			};
			buildConfigurationList = 691934C925FA45FC00339E08 /* Build configuration list for PBXProject "ToDoList" */;
			compatibilityVersion = "Xcode 9.3";
			developmentRegion = en;
			hasScannedForEncodings = 0;
			knownRegions = (
				en,
				Base,
			);
			mainGroup = 691934C525FA45FC00339E08;
			productRefGroup = 691934CF25FA45FC00339E08 /* Products */;
			projectDirPath = "";
			projectRoot = "";
			targets = (
				691934CD25FA45FC00339E08 /* ToDoList */,
				691934E325FA45FE00339E08 /* ToDoListTests */,
				691934EE25FA45FE00339E08 /* ToDoListUITests */,
			);
		};
/* End PBXProject section */

/* Begin PBXResourcesBuildPhase section */
		691934CC25FA45FC00339E08 /* Resources */ = {
			isa = PBXResourcesBuildPhase;
			buildActionMask = 2147483647;
			files = (
				6919353B25FA4F3700339E08 /* LoadingViewController.xib in Resources */,
				691934DE25FA45FE00339E08 /* LaunchScreen.storyboard in Resources */,
				6919357725FA6C7500339E08 /* AddTaskBottomSheetViewController.xib in Resources */,
				691934DB25FA45FE00339E08 /* Assets.xcassets in Resources */,
				6919354625FA4FA400339E08 /* HomeViewController.xib in Resources */,
				6919356C25FA5AF200339E08 /* TaskTableViewCell.xib in Resources */,
			);
			runOnlyForDeploymentPostprocessing = 0;
		};
		691934E225FA45FE00339E08 /* Resources */ = {
			isa = PBXResourcesBuildPhase;
			buildActionMask = 2147483647;
			files = (
			);
			runOnlyForDeploymentPostprocessing = 0;
		};
		691934ED25FA45FE00339E08 /* Resources */ = {
			isa = PBXResourcesBuildPhase;
			buildActionMask = 2147483647;
			files = (
			);
			runOnlyForDeploymentPostprocessing = 0;
		};
/* End PBXResourcesBuildPhase section */

/* Begin PBXShellScriptBuildPhase section */
		3DEDBF6D40A93233399ED74B /* [CP] Check Pods Manifest.lock */ = {
			isa = PBXShellScriptBuildPhase;
			buildActionMask = 2147483647;
			files = (
			);
			inputFileListPaths = (
			);
			inputPaths = (
				"${PODS_PODFILE_DIR_PATH}/Podfile.lock",
				"${PODS_ROOT}/Manifest.lock",
			);
			name = "[CP] Check Pods Manifest.lock";
			outputFileListPaths = (
			);
			outputPaths = (
				"$(DERIVED_FILE_DIR)/Pods-ToDoList-ToDoListUITests-checkManifestLockResult.txt",
			);
			runOnlyForDeploymentPostprocessing = 0;
			shellPath = /bin/sh;
			shellScript = "diff \"${PODS_PODFILE_DIR_PATH}/Podfile.lock\" \"${PODS_ROOT}/Manifest.lock\" > /dev/null\nif [ $? != 0 ] ; then\n    # print error to STDERR\n    echo \"error: The sandbox is not in sync with the Podfile.lock. Run 'pod install' or update your CocoaPods installation.\" >&2\n    exit 1\nfi\n# This output is used by Xcode 'outputs' to avoid re-running this script phase.\necho \"SUCCESS\" > \"${SCRIPT_OUTPUT_FILE_0}\"\n";
			showEnvVarsInLog = 0;
		};
		5230BE625BE002BB3F26706A /* [CP] Embed Pods Frameworks */ = {
			isa = PBXShellScriptBuildPhase;
			buildActionMask = 2147483647;
			files = (
			);
			inputFileListPaths = (
				"${PODS_ROOT}/Target Support Files/Pods-ToDoList-ToDoListUITests/Pods-ToDoList-ToDoListUITests-frameworks-${CONFIGURATION}-input-files.xcfilelist",
			);
			name = "[CP] Embed Pods Frameworks";
			outputFileListPaths = (
				"${PODS_ROOT}/Target Support Files/Pods-ToDoList-ToDoListUITests/Pods-ToDoList-ToDoListUITests-frameworks-${CONFIGURATION}-output-files.xcfilelist",
			);
			runOnlyForDeploymentPostprocessing = 0;
			shellPath = /bin/sh;
			shellScript = "\"${PODS_ROOT}/Target Support Files/Pods-ToDoList-ToDoListUITests/Pods-ToDoList-ToDoListUITests-frameworks.sh\"\n";
			showEnvVarsInLog = 0;
		};
		78E6D29B48BE01BBC1A28632 /* [CP] Check Pods Manifest.lock */ = {
			isa = PBXShellScriptBuildPhase;
			buildActionMask = 2147483647;
			files = (
			);
			inputFileListPaths = (
			);
			inputPaths = (
				"${PODS_PODFILE_DIR_PATH}/Podfile.lock",
				"${PODS_ROOT}/Manifest.lock",
			);
			name = "[CP] Check Pods Manifest.lock";
			outputFileListPaths = (
			);
			outputPaths = (
				"$(DERIVED_FILE_DIR)/Pods-ToDoListTests-checkManifestLockResult.txt",
			);
			runOnlyForDeploymentPostprocessing = 0;
			shellPath = /bin/sh;
			shellScript = "diff \"${PODS_PODFILE_DIR_PATH}/Podfile.lock\" \"${PODS_ROOT}/Manifest.lock\" > /dev/null\nif [ $? != 0 ] ; then\n    # print error to STDERR\n    echo \"error: The sandbox is not in sync with the Podfile.lock. Run 'pod install' or update your CocoaPods installation.\" >&2\n    exit 1\nfi\n# This output is used by Xcode 'outputs' to avoid re-running this script phase.\necho \"SUCCESS\" > \"${SCRIPT_OUTPUT_FILE_0}\"\n";
			showEnvVarsInLog = 0;
		};
		7A670D50D87A035B5B90160D /* [CP] Embed Pods Frameworks */ = {
			isa = PBXShellScriptBuildPhase;
			buildActionMask = 2147483647;
			files = (
			);
			inputFileListPaths = (
				"${PODS_ROOT}/Target Support Files/Pods-ToDoList/Pods-ToDoList-frameworks-${CONFIGURATION}-input-files.xcfilelist",
			);
			name = "[CP] Embed Pods Frameworks";
			outputFileListPaths = (
				"${PODS_ROOT}/Target Support Files/Pods-ToDoList/Pods-ToDoList-frameworks-${CONFIGURATION}-output-files.xcfilelist",
			);
			runOnlyForDeploymentPostprocessing = 0;
			shellPath = /bin/sh;
			shellScript = "\"${PODS_ROOT}/Target Support Files/Pods-ToDoList/Pods-ToDoList-frameworks.sh\"\n";
			showEnvVarsInLog = 0;
		};
		7DF79DA560FAB182CE918E3E /* [CP] Check Pods Manifest.lock */ = {
			isa = PBXShellScriptBuildPhase;
			buildActionMask = 2147483647;
			files = (
			);
			inputFileListPaths = (
			);
			inputPaths = (
				"${PODS_PODFILE_DIR_PATH}/Podfile.lock",
				"${PODS_ROOT}/Manifest.lock",
			);
			name = "[CP] Check Pods Manifest.lock";
			outputFileListPaths = (
			);
			outputPaths = (
				"$(DERIVED_FILE_DIR)/Pods-ToDoList-checkManifestLockResult.txt",
			);
			runOnlyForDeploymentPostprocessing = 0;
			shellPath = /bin/sh;
			shellScript = "diff \"${PODS_PODFILE_DIR_PATH}/Podfile.lock\" \"${PODS_ROOT}/Manifest.lock\" > /dev/null\nif [ $? != 0 ] ; then\n    # print error to STDERR\n    echo \"error: The sandbox is not in sync with the Podfile.lock. Run 'pod install' or update your CocoaPods installation.\" >&2\n    exit 1\nfi\n# This output is used by Xcode 'outputs' to avoid re-running this script phase.\necho \"SUCCESS\" > \"${SCRIPT_OUTPUT_FILE_0}\"\n";
			showEnvVarsInLog = 0;
		};
/* End PBXShellScriptBuildPhase section */

/* Begin PBXSourcesBuildPhase section */
		691934CA25FA45FC00339E08 /* Sources */ = {
			isa = PBXSourcesBuildPhase;
			buildActionMask = 2147483647;
			files = (
				691935AD25FB736200339E08 /* AddTaskBSViewModel.swift in Sources */,
				6919351D25FA484000339E08 /* Constants.swift in Sources */,
				691934D625FA45FC00339E08 /* ViewController.swift in Sources */,
				691935B225FB73B000339E08 /* AddTaskBSRepository.swift in Sources */,
				6919357625FA6C7500339E08 /* AddTaskBottomSheetViewController.swift in Sources */,
				6919356B25FA5AF200339E08 /* TaskTableViewCell.swift in Sources */,
				691934D225FA45FC00339E08 /* AppDelegate.swift in Sources */,
				6919359725FA72F300339E08 /* TaskModel.swift in Sources */,
				691935A525FB72CC00339E08 /* Dialog.swift in Sources */,
				691934D425FA45FC00339E08 /* SceneDelegate.swift in Sources */,
				6919358925FA72A000339E08 /* BaseViewModel.swift in Sources */,
				6919359F25FB5BFD00339E08 /* HomeRepository.swift in Sources */,
				6919358425FA727C00339E08 /* HomeViewModel.swift in Sources */,
				6919354525FA4FA400339E08 /* HomeViewController.swift in Sources */,
				6919357F25FA71C300339E08 /* CoreDataService.swift in Sources */,
				6919353A25FA4F3700339E08 /* LoadingViewController.swift in Sources */,
				6919354F25FA50AA00339E08 /* todolist.xcdatamodeld in Sources */,
			);
			runOnlyForDeploymentPostprocessing = 0;
		};
		691934E025FA45FE00339E08 /* Sources */ = {
			isa = PBXSourcesBuildPhase;
			buildActionMask = 2147483647;
			files = (
				691934E925FA45FE00339E08 /* ToDoListTests.swift in Sources */,
			);
			runOnlyForDeploymentPostprocessing = 0;
		};
		691934EB25FA45FE00339E08 /* Sources */ = {
			isa = PBXSourcesBuildPhase;
			buildActionMask = 2147483647;
			files = (
				691934F425FA45FE00339E08 /* ToDoListUITests.swift in Sources */,
			);
			runOnlyForDeploymentPostprocessing = 0;
		};
/* End PBXSourcesBuildPhase section */

/* Begin PBXTargetDependency section */
		691934E625FA45FE00339E08 /* PBXTargetDependency */ = {
			isa = PBXTargetDependency;
			target = 691934CD25FA45FC00339E08 /* ToDoList */;
			targetProxy = 691934E525FA45FE00339E08 /* PBXContainerItemProxy */;
		};
		691934F125FA45FE00339E08 /* PBXTargetDependency */ = {
			isa = PBXTargetDependency;
			target = 691934CD25FA45FC00339E08 /* ToDoList */;
			targetProxy = 691934F025FA45FE00339E08 /* PBXContainerItemProxy */;
		};
/* End PBXTargetDependency section */

/* Begin PBXVariantGroup section */
		691934DC25FA45FE00339E08 /* LaunchScreen.storyboard */ = {
			isa = PBXVariantGroup;
			children = (
				691934DD25FA45FE00339E08 /* Base */,
			);
			name = LaunchScreen.storyboard;
			sourceTree = "<group>";
		};
/* End PBXVariantGroup section */

/* Begin XCBuildConfiguration section */
		691934F625FA45FE00339E08 /* Debug */ = {
			isa = XCBuildConfiguration;
			buildSettings = {
				ALWAYS_SEARCH_USER_PATHS = NO;
				CLANG_ANALYZER_NONNULL = YES;
				CLANG_ANALYZER_NUMBER_OBJECT_CONVERSION = YES_AGGRESSIVE;
				CLANG_CXX_LANGUAGE_STANDARD = "gnu++14";
				CLANG_CXX_LIBRARY = "libc++";
				CLANG_ENABLE_MODULES = YES;
				CLANG_ENABLE_OBJC_ARC = YES;
				CLANG_ENABLE_OBJC_WEAK = YES;
				CLANG_WARN_BLOCK_CAPTURE_AUTORELEASING = YES;
				CLANG_WARN_BOOL_CONVERSION = YES;
				CLANG_WARN_COMMA = YES;
				CLANG_WARN_CONSTANT_CONVERSION = YES;
				CLANG_WARN_DEPRECATED_OBJC_IMPLEMENTATIONS = YES;
				CLANG_WARN_DIRECT_OBJC_ISA_USAGE = YES_ERROR;
				CLANG_WARN_DOCUMENTATION_COMMENTS = YES;
				CLANG_WARN_EMPTY_BODY = YES;
				CLANG_WARN_ENUM_CONVERSION = YES;
				CLANG_WARN_INFINITE_RECURSION = YES;
				CLANG_WARN_INT_CONVERSION = YES;
				CLANG_WARN_NON_LITERAL_NULL_CONVERSION = YES;
				CLANG_WARN_OBJC_IMPLICIT_RETAIN_SELF = YES;
				CLANG_WARN_OBJC_LITERAL_CONVERSION = YES;
				CLANG_WARN_OBJC_ROOT_CLASS = YES_ERROR;
				CLANG_WARN_QUOTED_INCLUDE_IN_FRAMEWORK_HEADER = YES;
				CLANG_WARN_RANGE_LOOP_ANALYSIS = YES;
				CLANG_WARN_STRICT_PROTOTYPES = YES;
				CLANG_WARN_SUSPICIOUS_MOVE = YES;
				CLANG_WARN_UNGUARDED_AVAILABILITY = YES_AGGRESSIVE;
				CLANG_WARN_UNREACHABLE_CODE = YES;
				CLANG_WARN__DUPLICATE_METHOD_MATCH = YES;
				COPY_PHASE_STRIP = NO;
				DEBUG_INFORMATION_FORMAT = dwarf;
				ENABLE_STRICT_OBJC_MSGSEND = YES;
				ENABLE_TESTABILITY = YES;
				GCC_C_LANGUAGE_STANDARD = gnu11;
				GCC_DYNAMIC_NO_PIC = NO;
				GCC_NO_COMMON_BLOCKS = YES;
				GCC_OPTIMIZATION_LEVEL = 0;
				GCC_PREPROCESSOR_DEFINITIONS = (
					"DEBUG=1",
					"$(inherited)",
				);
				GCC_WARN_64_TO_32_BIT_CONVERSION = YES;
				GCC_WARN_ABOUT_RETURN_TYPE = YES_ERROR;
				GCC_WARN_UNDECLARED_SELECTOR = YES;
				GCC_WARN_UNINITIALIZED_AUTOS = YES_AGGRESSIVE;
				GCC_WARN_UNUSED_FUNCTION = YES;
				GCC_WARN_UNUSED_VARIABLE = YES;
				IPHONEOS_DEPLOYMENT_TARGET = 14.4;
				MTL_ENABLE_DEBUG_INFO = INCLUDE_SOURCE;
				MTL_FAST_MATH = YES;
				ONLY_ACTIVE_ARCH = YES;
				SDKROOT = iphoneos;
				SWIFT_ACTIVE_COMPILATION_CONDITIONS = DEBUG;
				SWIFT_OPTIMIZATION_LEVEL = "-Onone";
			};
			name = Debug;
		};
		691934F725FA45FE00339E08 /* Release */ = {
			isa = XCBuildConfiguration;
			buildSettings = {
				ALWAYS_SEARCH_USER_PATHS = NO;
				CLANG_ANALYZER_NONNULL = YES;
				CLANG_ANALYZER_NUMBER_OBJECT_CONVERSION = YES_AGGRESSIVE;
				CLANG_CXX_LANGUAGE_STANDARD = "gnu++14";
				CLANG_CXX_LIBRARY = "libc++";
				CLANG_ENABLE_MODULES = YES;
				CLANG_ENABLE_OBJC_ARC = YES;
				CLANG_ENABLE_OBJC_WEAK = YES;
				CLANG_WARN_BLOCK_CAPTURE_AUTORELEASING = YES;
				CLANG_WARN_BOOL_CONVERSION = YES;
				CLANG_WARN_COMMA = YES;
				CLANG_WARN_CONSTANT_CONVERSION = YES;
				CLANG_WARN_DEPRECATED_OBJC_IMPLEMENTATIONS = YES;
				CLANG_WARN_DIRECT_OBJC_ISA_USAGE = YES_ERROR;
				CLANG_WARN_DOCUMENTATION_COMMENTS = YES;
				CLANG_WARN_EMPTY_BODY = YES;
				CLANG_WARN_ENUM_CONVERSION = YES;
				CLANG_WARN_INFINITE_RECURSION = YES;
				CLANG_WARN_INT_CONVERSION = YES;
				CLANG_WARN_NON_LITERAL_NULL_CONVERSION = YES;
				CLANG_WARN_OBJC_IMPLICIT_RETAIN_SELF = YES;
				CLANG_WARN_OBJC_LITERAL_CONVERSION = YES;
				CLANG_WARN_OBJC_ROOT_CLASS = YES_ERROR;
				CLANG_WARN_QUOTED_INCLUDE_IN_FRAMEWORK_HEADER = YES;
				CLANG_WARN_RANGE_LOOP_ANALYSIS = YES;
				CLANG_WARN_STRICT_PROTOTYPES = YES;
				CLANG_WARN_SUSPICIOUS_MOVE = YES;
				CLANG_WARN_UNGUARDED_AVAILABILITY = YES_AGGRESSIVE;
				CLANG_WARN_UNREACHABLE_CODE = YES;
				CLANG_WARN__DUPLICATE_METHOD_MATCH = YES;
				COPY_PHASE_STRIP = NO;
				DEBUG_INFORMATION_FORMAT = "dwarf-with-dsym";
				ENABLE_NS_ASSERTIONS = NO;
				ENABLE_STRICT_OBJC_MSGSEND = YES;
				GCC_C_LANGUAGE_STANDARD = gnu11;
				GCC_NO_COMMON_BLOCKS = YES;
				GCC_WARN_64_TO_32_BIT_CONVERSION = YES;
				GCC_WARN_ABOUT_RETURN_TYPE = YES_ERROR;
				GCC_WARN_UNDECLARED_SELECTOR = YES;
				GCC_WARN_UNINITIALIZED_AUTOS = YES_AGGRESSIVE;
				GCC_WARN_UNUSED_FUNCTION = YES;
				GCC_WARN_UNUSED_VARIABLE = YES;
				IPHONEOS_DEPLOYMENT_TARGET = 14.4;
				MTL_ENABLE_DEBUG_INFO = NO;
				MTL_FAST_MATH = YES;
				SDKROOT = iphoneos;
				SWIFT_COMPILATION_MODE = wholemodule;
				SWIFT_OPTIMIZATION_LEVEL = "-O";
				VALIDATE_PRODUCT = YES;
			};
			name = Release;
		};
		691934F925FA45FE00339E08 /* Debug */ = {
			isa = XCBuildConfiguration;
			baseConfigurationReference = B5ABC988C92BEBE116F908F6 /* Pods-ToDoList.debug.xcconfig */;
			buildSettings = {
				ASSETCATALOG_COMPILER_APPICON_NAME = AppIcon;
				ASSETCATALOG_COMPILER_GLOBAL_ACCENT_COLOR_NAME = AccentColor;
				CODE_SIGN_STYLE = Automatic;
				INFOPLIST_FILE = ToDoList/Info.plist;
				LD_RUNPATH_SEARCH_PATHS = (
					"$(inherited)",
					"@executable_path/Frameworks",
				);
				PRODUCT_BUNDLE_IDENTIFIER = com.stevenosse.ToDoList;
				PRODUCT_NAME = "$(TARGET_NAME)";
				SWIFT_VERSION = 5.0;
				TARGETED_DEVICE_FAMILY = "1,2";
			};
			name = Debug;
		};
		691934FA25FA45FE00339E08 /* Release */ = {
			isa = XCBuildConfiguration;
			baseConfigurationReference = A77FB4E764237DF277E6EE9A /* Pods-ToDoList.release.xcconfig */;
			buildSettings = {
				ASSETCATALOG_COMPILER_APPICON_NAME = AppIcon;
				ASSETCATALOG_COMPILER_GLOBAL_ACCENT_COLOR_NAME = AccentColor;
				CODE_SIGN_STYLE = Automatic;
				INFOPLIST_FILE = ToDoList/Info.plist;
				LD_RUNPATH_SEARCH_PATHS = (
					"$(inherited)",
					"@executable_path/Frameworks",
				);
				PRODUCT_BUNDLE_IDENTIFIER = com.stevenosse.ToDoList;
				PRODUCT_NAME = "$(TARGET_NAME)";
				SWIFT_VERSION = 5.0;
				TARGETED_DEVICE_FAMILY = "1,2";
			};
			name = Release;
		};
		691934FC25FA45FE00339E08 /* Debug */ = {
			isa = XCBuildConfiguration;
			baseConfigurationReference = 7614D32FCEA8CBDE3C222762 /* Pods-ToDoListTests.debug.xcconfig */;
			buildSettings = {
				ALWAYS_EMBED_SWIFT_STANDARD_LIBRARIES = YES;
				BUNDLE_LOADER = "$(TEST_HOST)";
				CODE_SIGN_STYLE = Automatic;
				INFOPLIST_FILE = ToDoListTests/Info.plist;
				IPHONEOS_DEPLOYMENT_TARGET = 14.4;
				LD_RUNPATH_SEARCH_PATHS = (
					"$(inherited)",
					"@executable_path/Frameworks",
					"@loader_path/Frameworks",
				);
				PRODUCT_BUNDLE_IDENTIFIER = com.stevenosse.ToDoListTests;
				PRODUCT_NAME = "$(TARGET_NAME)";
				SWIFT_VERSION = 5.0;
				TARGETED_DEVICE_FAMILY = "1,2";
				TEST_HOST = "$(BUILT_PRODUCTS_DIR)/ToDoList.app/ToDoList";
			};
			name = Debug;
		};
		691934FD25FA45FE00339E08 /* Release */ = {
			isa = XCBuildConfiguration;
			baseConfigurationReference = B322667171E9DC2D8D7424FC /* Pods-ToDoListTests.release.xcconfig */;
			buildSettings = {
				ALWAYS_EMBED_SWIFT_STANDARD_LIBRARIES = YES;
				BUNDLE_LOADER = "$(TEST_HOST)";
				CODE_SIGN_STYLE = Automatic;
				INFOPLIST_FILE = ToDoListTests/Info.plist;
				IPHONEOS_DEPLOYMENT_TARGET = 14.4;
				LD_RUNPATH_SEARCH_PATHS = (
					"$(inherited)",
					"@executable_path/Frameworks",
					"@loader_path/Frameworks",
				);
				PRODUCT_BUNDLE_IDENTIFIER = com.stevenosse.ToDoListTests;
				PRODUCT_NAME = "$(TARGET_NAME)";
				SWIFT_VERSION = 5.0;
				TARGETED_DEVICE_FAMILY = "1,2";
				TEST_HOST = "$(BUILT_PRODUCTS_DIR)/ToDoList.app/ToDoList";
			};
			name = Release;
		};
		691934FF25FA45FE00339E08 /* Debug */ = {
			isa = XCBuildConfiguration;
			baseConfigurationReference = EFE71855F5478A107AC9E914 /* Pods-ToDoList-ToDoListUITests.debug.xcconfig */;
			buildSettings = {
				ALWAYS_EMBED_SWIFT_STANDARD_LIBRARIES = YES;
				CODE_SIGN_STYLE = Automatic;
				INFOPLIST_FILE = ToDoListUITests/Info.plist;
				LD_RUNPATH_SEARCH_PATHS = (
					"$(inherited)",
					"@executable_path/Frameworks",
					"@loader_path/Frameworks",
				);
				PRODUCT_BUNDLE_IDENTIFIER = com.stevenosse.ToDoListUITests;
				PRODUCT_NAME = "$(TARGET_NAME)";
				SWIFT_VERSION = 5.0;
				TARGETED_DEVICE_FAMILY = "1,2";
				TEST_TARGET_NAME = ToDoList;
			};
			name = Debug;
		};
		6919350025FA45FE00339E08 /* Release */ = {
			isa = XCBuildConfiguration;
			baseConfigurationReference = 025CBFBC46600D13CD5CFE8B /* Pods-ToDoList-ToDoListUITests.release.xcconfig */;
			buildSettings = {
				ALWAYS_EMBED_SWIFT_STANDARD_LIBRARIES = YES;
				CODE_SIGN_STYLE = Automatic;
				INFOPLIST_FILE = ToDoListUITests/Info.plist;
				LD_RUNPATH_SEARCH_PATHS = (
					"$(inherited)",
					"@executable_path/Frameworks",
					"@loader_path/Frameworks",
				);
				PRODUCT_BUNDLE_IDENTIFIER = com.stevenosse.ToDoListUITests;
				PRODUCT_NAME = "$(TARGET_NAME)";
				SWIFT_VERSION = 5.0;
				TARGETED_DEVICE_FAMILY = "1,2";
				TEST_TARGET_NAME = ToDoList;
			};
			name = Release;
		};
/* End XCBuildConfiguration section */

/* Begin XCConfigurationList section */
		691934C925FA45FC00339E08 /* Build configuration list for PBXProject "ToDoList" */ = {
			isa = XCConfigurationList;
			buildConfigurations = (
				691934F625FA45FE00339E08 /* Debug */,
				691934F725FA45FE00339E08 /* Release */,
			);
			defaultConfigurationIsVisible = 0;
			defaultConfigurationName = Release;
		};
		691934F825FA45FE00339E08 /* Build configuration list for PBXNativeTarget "ToDoList" */ = {
			isa = XCConfigurationList;
			buildConfigurations = (
				691934F925FA45FE00339E08 /* Debug */,
				691934FA25FA45FE00339E08 /* Release */,
			);
			defaultConfigurationIsVisible = 0;
			defaultConfigurationName = Release;
		};
		691934FB25FA45FE00339E08 /* Build configuration list for PBXNativeTarget "ToDoListTests" */ = {
			isa = XCConfigurationList;
			buildConfigurations = (
				691934FC25FA45FE00339E08 /* Debug */,
				691934FD25FA45FE00339E08 /* Release */,
			);
			defaultConfigurationIsVisible = 0;
			defaultConfigurationName = Release;
		};
		691934FE25FA45FE00339E08 /* Build configuration list for PBXNativeTarget "ToDoListUITests" */ = {
			isa = XCConfigurationList;
			buildConfigurations = (
				691934FF25FA45FE00339E08 /* Debug */,
				6919350025FA45FE00339E08 /* Release */,
			);
			defaultConfigurationIsVisible = 0;
			defaultConfigurationName = Release;
		};
/* End XCConfigurationList section */

/* Begin XCVersionGroup section */
		6919354D25FA50AA00339E08 /* todolist.xcdatamodeld */ = {
			isa = XCVersionGroup;
			children = (
				6919354E25FA50AA00339E08 /* todolist.xcdatamodel */,
			);
			currentVersion = 6919354E25FA50AA00339E08 /* todolist.xcdatamodel */;
			path = todolist.xcdatamodeld;
			sourceTree = "<group>";
			versionGroupType = wrapper.xcdatamodel;
		};
/* End XCVersionGroup section */
	};
	rootObject = 691934C625FA45FC00339E08 /* Project object */;
}
